// !$*UTF8*$!
{
	archiveVersion = 1;
	classes = {
	};
	objectVersion = 48;
	objects = {

/* Begin PBXBuildFile section */
		617FC33D1F91BE9A001F7ABE /* AppDelegate.m in Sources */ = {isa = PBXBuildFile; fileRef = 617FC33C1F91BE9A001F7ABE /* AppDelegate.m */; };
		617FC3401F91BE9A001F7ABE /* ViewController.m in Sources */ = {isa = PBXBuildFile; fileRef = 617FC33F1F91BE9A001F7ABE /* ViewController.m */; };
		617FC3431F91BE9B001F7ABE /* Main.storyboard in Resources */ = {isa = PBXBuildFile; fileRef = 617FC3411F91BE9B001F7ABE /* Main.storyboard */; };
		617FC3461F91BE9B001F7ABE /* AnalyzeDemo.xcdatamodeld in Sources */ = {isa = PBXBuildFile; fileRef = 617FC3441F91BE9B001F7ABE /* AnalyzeDemo.xcdatamodeld */; };
		617FC3481F91BE9B001F7ABE /* Assets.xcassets in Resources */ = {isa = PBXBuildFile; fileRef = 617FC3471F91BE9B001F7ABE /* Assets.xcassets */; };
		617FC34B1F91BE9B001F7ABE /* LaunchScreen.storyboard in Resources */ = {isa = PBXBuildFile; fileRef = 617FC3491F91BE9B001F7ABE /* LaunchScreen.storyboard */; };
		617FC34E1F91BE9B001F7ABE /* main.m in Sources */ = {isa = PBXBuildFile; fileRef = 617FC34D1F91BE9B001F7ABE /* main.m */; };
		617FC3581F91BE9B001F7ABE /* AnalyzeDemoTests.m in Sources */ = {isa = PBXBuildFile; fileRef = 617FC3571F91BE9B001F7ABE /* AnalyzeDemoTests.m */; };
		617FC3631F91BE9B001F7ABE /* AnalyzeDemoUITests.m in Sources */ = {isa = PBXBuildFile; fileRef = 617FC3621F91BE9B001F7ABE /* AnalyzeDemoUITests.m */; };
/* End PBXBuildFile section */

/* Begin PBXContainerItemProxy section */
		617FC3541F91BE9B001F7ABE /* PBXContainerItemProxy */ = {
			isa = PBXContainerItemProxy;
			containerPortal = 617FC3301F91BE99001F7ABE /* Project object */;
			proxyType = 1;
			remoteGlobalIDString = 617FC3371F91BE99001F7ABE;
			remoteInfo = AnalyzeDemo;
		};
		617FC35F1F91BE9B001F7ABE /* PBXContainerItemProxy */ = {
			isa = PBXContainerItemProxy;
			containerPortal = 617FC3301F91BE99001F7ABE /* Project object */;
			proxyType = 1;
			remoteGlobalIDString = 617FC3371F91BE99001F7ABE;
			remoteInfo = AnalyzeDemo;
		};
/* End PBXContainerItemProxy section */

/* Begin PBXFileReference section */
		617FC3381F91BE9A001F7ABE /* AnalyzeDemo.app */ = {isa = PBXFileReference; explicitFileType = wrapper.application; includeInIndex = 0; path = AnalyzeDemo.app; sourceTree = BUILT_PRODUCTS_DIR; };
		617FC33B1F91BE9A001F7ABE /* AppDelegate.h */ = {isa = PBXFileReference; lastKnownFileType = sourcecode.c.h; path = AppDelegate.h; sourceTree = "<group>"; };
		617FC33C1F91BE9A001F7ABE /* AppDelegate.m */ = {isa = PBXFileReference; lastKnownFileType = sourcecode.c.objc; path = AppDelegate.m; sourceTree = "<group>"; };
		617FC33E1F91BE9A001F7ABE /* ViewController.h */ = {isa = PBXFileReference; lastKnownFileType = sourcecode.c.h; path = ViewController.h; sourceTree = "<group>"; };
		617FC33F1F91BE9A001F7ABE /* ViewController.m */ = {isa = PBXFileReference; lastKnownFileType = sourcecode.c.objc; path = ViewController.m; sourceTree = "<group>"; };
		617FC3421F91BE9B001F7ABE /* Base */ = {isa = PBXFileReference; lastKnownFileType = file.storyboard; name = Base; path = Base.lproj/Main.storyboard; sourceTree = "<group>"; };
		617FC3451F91BE9B001F7ABE /* AnalyzeDemo.xcdatamodel */ = {isa = PBXFileReference; lastKnownFileType = wrapper.xcdatamodel; path = AnalyzeDemo.xcdatamodel; sourceTree = "<group>"; };
		617FC3471F91BE9B001F7ABE /* Assets.xcassets */ = {isa = PBXFileReference; lastKnownFileType = folder.assetcatalog; path = Assets.xcassets; sourceTree = "<group>"; };
		617FC34A1F91BE9B001F7ABE /* Base */ = {isa = PBXFileReference; lastKnownFileType = file.storyboard; name = Base; path = Base.lproj/LaunchScreen.storyboard; sourceTree = "<group>"; };
		617FC34C1F91BE9B001F7ABE /* Info.plist */ = {isa = PBXFileReference; lastKnownFileType = text.plist.xml; path = Info.plist; sourceTree = "<group>"; };
		617FC34D1F91BE9B001F7ABE /* main.m */ = {isa = PBXFileReference; lastKnownFileType = sourcecode.c.objc; path = main.m; sourceTree = "<group>"; };
		617FC3531F91BE9B001F7ABE /* AnalyzeDemoTests.xctest */ = {isa = PBXFileReference; explicitFileType = wrapper.cfbundle; includeInIndex = 0; path = AnalyzeDemoTests.xctest; sourceTree = BUILT_PRODUCTS_DIR; };
		617FC3571F91BE9B001F7ABE /* AnalyzeDemoTests.m */ = {isa = PBXFileReference; lastKnownFileType = sourcecode.c.objc; path = AnalyzeDemoTests.m; sourceTree = "<group>"; };
		617FC3591F91BE9B001F7ABE /* Info.plist */ = {isa = PBXFileReference; lastKnownFileType = text.plist.xml; path = Info.plist; sourceTree = "<group>"; };
		617FC35E1F91BE9B001F7ABE /* AnalyzeDemoUITests.xctest */ = {isa = PBXFileReference; explicitFileType = wrapper.cfbundle; includeInIndex = 0; path = AnalyzeDemoUITests.xctest; sourceTree = BUILT_PRODUCTS_DIR; };
		617FC3621F91BE9B001F7ABE /* AnalyzeDemoUITests.m */ = {isa = PBXFileReference; lastKnownFileType = sourcecode.c.objc; path = AnalyzeDemoUITests.m; sourceTree = "<group>"; };
		617FC3641F91BE9B001F7ABE /* Info.plist */ = {isa = PBXFileReference; lastKnownFileType = text.plist.xml; path = Info.plist; sourceTree = "<group>"; };
/* End PBXFileReference section */

/* Begin PBXFrameworksBuildPhase section */
		617FC3351F91BE99001F7ABE /* Frameworks */ = {
			isa = PBXFrameworksBuildPhase;
			buildActionMask = 2147483647;
			files = (
			);
			runOnlyForDeploymentPostprocessing = 0;
		};
		617FC3501F91BE9B001F7ABE /* Frameworks */ = {
			isa = PBXFrameworksBuildPhase;
			buildActionMask = 2147483647;
			files = (
			);
			runOnlyForDeploymentPostprocessing = 0;
		};
		617FC35B1F91BE9B001F7ABE /* Frameworks */ = {
			isa = PBXFrameworksBuildPhase;
			buildActionMask = 2147483647;
			files = (
			);
			runOnlyForDeploymentPostprocessing = 0;
		};
/* End PBXFrameworksBuildPhase section */

/* Begin PBXGroup section */
		617FC32F1F91BE99001F7ABE = {
			isa = PBXGroup;
			children = (
				617FC33A1F91BE9A001F7ABE /* AnalyzeDemo */,
				617FC3561F91BE9B001F7ABE /* AnalyzeDemoTests */,
				617FC3611F91BE9B001F7ABE /* AnalyzeDemoUITests */,
				617FC3391F91BE9A001F7ABE /* Products */,
			);
			sourceTree = "<group>";
		};
		617FC3391F91BE9A001F7ABE /* Products */ = {
			isa = PBXGroup;
			children = (
				617FC3381F91BE9A001F7ABE /* AnalyzeDemo.app */,
				617FC3531F91BE9B001F7ABE /* AnalyzeDemoTests.xctest */,
				617FC35E1F91BE9B001F7ABE /* AnalyzeDemoUITests.xctest */,
			);
			name = Products;
			sourceTree = "<group>";
		};
		617FC33A1F91BE9A001F7ABE /* AnalyzeDemo */ = {
			isa = PBXGroup;
			children = (
				617FC33B1F91BE9A001F7ABE /* AppDelegate.h */,
				617FC33C1F91BE9A001F7ABE /* AppDelegate.m */,
				617FC33E1F91BE9A001F7ABE /* ViewController.h */,
				617FC33F1F91BE9A001F7ABE /* ViewController.m */,
				617FC3411F91BE9B001F7ABE /* Main.storyboard */,
				617FC3471F91BE9B001F7ABE /* Assets.xcassets */,
				617FC3491F91BE9B001F7ABE /* LaunchScreen.storyboard */,
				617FC34C1F91BE9B001F7ABE /* Info.plist */,
				617FC34D1F91BE9B001F7ABE /* main.m */,
				617FC3441F91BE9B001F7ABE /* AnalyzeDemo.xcdatamodeld */,
			);
			path = AnalyzeDemo;
			sourceTree = "<group>";
		};
		617FC3561F91BE9B001F7ABE /* AnalyzeDemoTests */ = {
			isa = PBXGroup;
			children = (
				617FC3571F91BE9B001F7ABE /* AnalyzeDemoTests.m */,
				617FC3591F91BE9B001F7ABE /* Info.plist */,
			);
			path = AnalyzeDemoTests;
			sourceTree = "<group>";
		};
		617FC3611F91BE9B001F7ABE /* AnalyzeDemoUITests */ = {
			isa = PBXGroup;
			children = (
				617FC3621F91BE9B001F7ABE /* AnalyzeDemoUITests.m */,
				617FC3641F91BE9B001F7ABE /* Info.plist */,
			);
			path = AnalyzeDemoUITests;
			sourceTree = "<group>";
		};
/* End PBXGroup section */

/* Begin PBXNativeTarget section */
		617FC3371F91BE99001F7ABE /* AnalyzeDemo */ = {
			isa = PBXNativeTarget;
			buildConfigurationList = 617FC3671F91BE9B001F7ABE /* Build configuration list for PBXNativeTarget "AnalyzeDemo" */;
			buildPhases = (
				617FC3341F91BE99001F7ABE /* Sources */,
				617FC3351F91BE99001F7ABE /* Frameworks */,
				617FC3361F91BE99001F7ABE /* Resources */,
			);
			buildRules = (
			);
			dependencies = (
			);
			name = AnalyzeDemo;
			productName = AnalyzeDemo;
			productReference = 617FC3381F91BE9A001F7ABE /* AnalyzeDemo.app */;
			productType = "com.apple.product-type.application";
		};
		617FC3521F91BE9B001F7ABE /* AnalyzeDemoTests */ = {
			isa = PBXNativeTarget;
			buildConfigurationList = 617FC36A1F91BE9B001F7ABE /* Build configuration list for PBXNativeTarget "AnalyzeDemoTests" */;
			buildPhases = (
				617FC34F1F91BE9B001F7ABE /* Sources */,
				617FC3501F91BE9B001F7ABE /* Frameworks */,
				617FC3511F91BE9B001F7ABE /* Resources */,
			);
			buildRules = (
			);
			dependencies = (
				617FC3551F91BE9B001F7ABE /* PBXTargetDependency */,
			);
			name = AnalyzeDemoTests;
			productName = AnalyzeDemoTests;
			productReference = 617FC3531F91BE9B001F7ABE /* AnalyzeDemoTests.xctest */;
			productType = "com.apple.product-type.bundle.unit-test";
		};
		617FC35D1F91BE9B001F7ABE /* AnalyzeDemoUITests */ = {
			isa = PBXNativeTarget;
			buildConfigurationList = 617FC36D1F91BE9B001F7ABE /* Build configuration list for PBXNativeTarget "AnalyzeDemoUITests" */;
			buildPhases = (
				617FC35A1F91BE9B001F7ABE /* Sources */,
				617FC35B1F91BE9B001F7ABE /* Frameworks */,
				617FC35C1F91BE9B001F7ABE /* Resources */,
			);
			buildRules = (
			);
			dependencies = (
				617FC3601F91BE9B001F7ABE /* PBXTargetDependency */,
			);
			name = AnalyzeDemoUITests;
			productName = AnalyzeDemoUITests;
			productReference = 617FC35E1F91BE9B001F7ABE /* AnalyzeDemoUITests.xctest */;
			productType = "com.apple.product-type.bundle.ui-testing";
		};
/* End PBXNativeTarget section */

/* Begin PBXProject section */
		617FC3301F91BE99001F7ABE /* Project object */ = {
			isa = PBXProject;
			attributes = {
				LastUpgradeCheck = 0900;
				ORGANIZATIONNAME = czq;
				TargetAttributes = {
					617FC3371F91BE99001F7ABE = {
						CreatedOnToolsVersion = 9.0;
						ProvisioningStyle = Automatic;
					};
					617FC3521F91BE9B001F7ABE = {
						CreatedOnToolsVersion = 9.0;
						ProvisioningStyle = Automatic;
						TestTargetID = 617FC3371F91BE99001F7ABE;
					};
					617FC35D1F91BE9B001F7ABE = {
						CreatedOnToolsVersion = 9.0;
						ProvisioningStyle = Automatic;
						TestTargetID = 617FC3371F91BE99001F7ABE;
					};
				};
			};
			buildConfigurationList = 617FC3331F91BE99001F7ABE /* Build configuration list for PBXProject "AnalyzeDemo" */;
			compatibilityVersion = "Xcode 8.0";
			developmentRegion = en;
			hasScannedForEncodings = 0;
			knownRegions = (
				en,
				Base,
			);
			mainGroup = 617FC32F1F91BE99001F7ABE;
			productRefGroup = 617FC3391F91BE9A001F7ABE /* Products */;
			projectDirPath = "";
			projectRoot = "";
			targets = (
				617FC3371F91BE99001F7ABE /* AnalyzeDemo */,
				617FC3521F91BE9B001F7ABE /* AnalyzeDemoTests */,
				617FC35D1F91BE9B001F7ABE /* AnalyzeDemoUITests */,
			);
		};
/* End PBXProject section */

/* Begin PBXResourcesBuildPhase section */
		617FC3361F91BE99001F7ABE /* Resources */ = {
			isa = PBXResourcesBuildPhase;
			buildActionMask = 2147483647;
			files = (
				617FC34B1F91BE9B001F7ABE /* LaunchScreen.storyboard in Resources */,
				617FC3481F91BE9B001F7ABE /* Assets.xcassets in Resources */,
				617FC3431F91BE9B001F7ABE /* Main.storyboard in Resources */,
			);
			runOnlyForDeploymentPostprocessing = 0;
		};
		617FC3511F91BE9B001F7ABE /* Resources */ = {
			isa = PBXResourcesBuildPhase;
			buildActionMask = 2147483647;
			files = (
			);
			runOnlyForDeploymentPostprocessing = 0;
		};
		617FC35C1F91BE9B001F7ABE /* Resources */ = {
			isa = PBXResourcesBuildPhase;
			buildActionMask = 2147483647;
			files = (
			);
			runOnlyForDeploymentPostprocessing = 0;
		};
/* End PBXResourcesBuildPhase section */

/* Begin PBXSourcesBuildPhase section */
		617FC3341F91BE99001F7ABE /* Sources */ = {
			isa = PBXSourcesBuildPhase;
			buildActionMask = 2147483647;
			files = (
				617FC3401F91BE9A001F7ABE /* ViewController.m in Sources */,
				617FC3461F91BE9B001F7ABE /* AnalyzeDemo.xcdatamodeld in Sources */,
				617FC34E1F91BE9B001F7ABE /* main.m in Sources */,
				617FC33D1F91BE9A001F7ABE /* AppDelegate.m in Sources */,
			);
			runOnlyForDeploymentPostprocessing = 0;
		};
		617FC34F1F91BE9B001F7ABE /* Sources */ = {
			isa = PBXSourcesBuildPhase;
			buildActionMask = 2147483647;
			files = (
				617FC3581F91BE9B001F7ABE /* AnalyzeDemoTests.m in Sources */,
			);
			runOnlyForDeploymentPostprocessing = 0;
		};
		617FC35A1F91BE9B001F7ABE /* Sources */ = {
			isa = PBXSourcesBuildPhase;
			buildActionMask = 2147483647;
			files = (
				617FC3631F91BE9B001F7ABE /* AnalyzeDemoUITests.m in Sources */,
			);
			runOnlyForDeploymentPostprocessing = 0;
		};
/* End PBXSourcesBuildPhase section */

/* Begin PBXTargetDependency section */
		617FC3551F91BE9B001F7ABE /* PBXTargetDependency */ = {
			isa = PBXTargetDependency;
			target = 617FC3371F91BE99001F7ABE /* AnalyzeDemo */;
			targetProxy = 617FC3541F91BE9B001F7ABE /* PBXContainerItemProxy */;
		};
		617FC3601F91BE9B001F7ABE /* PBXTargetDependency */ = {
			isa = PBXTargetDependency;
			target = 617FC3371F91BE99001F7ABE /* AnalyzeDemo */;
			targetProxy = 617FC35F1F91BE9B001F7ABE /* PBXContainerItemProxy */;
		};
/* End PBXTargetDependency section */

/* Begin PBXVariantGroup section */
		617FC3411F91BE9B001F7ABE /* Main.storyboard */ = {
			isa = PBXVariantGroup;
			children = (
				617FC3421F91BE9B001F7ABE /* Base */,
			);
			name = Main.storyboard;
			sourceTree = "<group>";
		};
		617FC3491F91BE9B001F7ABE /* LaunchScreen.storyboard */ = {
			isa = PBXVariantGroup;
			children = (
				617FC34A1F91BE9B001F7ABE /* Base */,
			);
			name = LaunchScreen.storyboard;
			sourceTree = "<group>";
		};
/* End PBXVariantGroup section */

/* Begin XCBuildConfiguration section */
		617FC3651F91BE9B001F7ABE /* Debug */ = {
			isa = XCBuildConfiguration;
			buildSettings = {
				ALWAYS_SEARCH_USER_PATHS = NO;
				CLANG_ANALYZER_NONNULL = YES;
				CLANG_ANALYZER_NUMBER_OBJECT_CONVERSION = YES_AGGRESSIVE;
				CLANG_CXX_LANGUAGE_STANDARD = "gnu++14";
				CLANG_CXX_LIBRARY = "libc++";
				CLANG_ENABLE_MODULES = YES;
				CLANG_ENABLE_OBJC_ARC = YES;
				CLANG_WARN_BLOCK_CAPTURE_AUTORELEASING = YES;
				CLANG_WARN_BOOL_CONVERSION = YES;
				CLANG_WARN_COMMA = YES;
				CLANG_WARN_CONSTANT_CONVERSION = YES;
				CLANG_WARN_DIRECT_OBJC_ISA_USAGE = YES_ERROR;
				CLANG_WARN_DOCUMENTATION_COMMENTS = YES;
				CLANG_WARN_EMPTY_BODY = YES;
				CLANG_WARN_ENUM_CONVERSION = YES;
				CLANG_WARN_INFINITE_RECURSION = YES;
				CLANG_WARN_INT_CONVERSION = YES;
				CLANG_WARN_NON_LITERAL_NULL_CONVERSION = YES;
				CLANG_WARN_OBJC_LITERAL_CONVERSION = YES;
				CLANG_WARN_OBJC_ROOT_CLASS = YES_ERROR;
				CLANG_WARN_RANGE_LOOP_ANALYSIS = YES;
				CLANG_WARN_STRICT_PROTOTYPES = YES;
				CLANG_WARN_SUSPICIOUS_MOVE = YES;
				CLANG_WARN_UNGUARDED_AVAILABILITY = YES_AGGRESSIVE;
				CLANG_WARN_UNREACHABLE_CODE = YES;
				CLANG_WARN__DUPLICATE_METHOD_MATCH = YES;
				CODE_SIGN_IDENTITY = "iPhone Developer";
				COPY_PHASE_STRIP = NO;
				DEBUG_INFORMATION_FORMAT = dwarf;
				ENABLE_STRICT_OBJC_MSGSEND = YES;
				ENABLE_TESTABILITY = YES;
				GCC_C_LANGUAGE_STANDARD = gnu11;
				GCC_DYNAMIC_NO_PIC = NO;
				GCC_NO_COMMON_BLOCKS = YES;
				GCC_OPTIMIZATION_LEVEL = 0;
				GCC_PREPROCESSOR_DEFINITIONS = (
					"DEBUG=1",
					"$(inherited)",
				);
				GCC_WARN_64_TO_32_BIT_CONVERSION = YES;
				GCC_WARN_ABOUT_RETURN_TYPE = YES_ERROR;
				GCC_WARN_UNDECLARED_SELECTOR = YES;
				GCC_WARN_UNINITIALIZED_AUTOS = YES_AGGRESSIVE;
				GCC_WARN_UNUSED_FUNCTION = YES;
				GCC_WARN_UNUSED_VARIABLE = YES;
				IPHONEOS_DEPLOYMENT_TARGET = 11.0;
				MTL_ENABLE_DEBUG_INFO = YES;
				ONLY_ACTIVE_ARCH = YES;
				SDKROOT = iphoneos;
			};
			name = Debug;
		};
		617FC3661F91BE9B001F7ABE /* Release */ = {
			isa = XCBuildConfiguration;
			buildSettings = {
				ALWAYS_SEARCH_USER_PATHS = NO;
				CLANG_ANALYZER_NONNULL = YES;
				CLANG_ANALYZER_NUMBER_OBJECT_CONVERSION = YES_AGGRESSIVE;
				CLANG_CXX_LANGUAGE_STANDARD = "gnu++14";
				CLANG_CXX_LIBRARY = "libc++";
				CLANG_ENABLE_MODULES = YES;
				CLANG_ENABLE_OBJC_ARC = YES;
				CLANG_WARN_BLOCK_CAPTURE_AUTORELEASING = YES;
				CLANG_WARN_BOOL_CONVERSION = YES;
				CLANG_WARN_COMMA = YES;
				CLANG_WARN_CONSTANT_CONVERSION = YES;
				CLANG_WARN_DIRECT_OBJC_ISA_USAGE = YES_ERROR;
				CLANG_WARN_DOCUMENTATION_COMMENTS = YES;
				CLANG_WARN_EMPTY_BODY = YES;
				CLANG_WARN_ENUM_CONVERSION = YES;
				CLANG_WARN_INFINITE_RECURSION = YES;
				CLANG_WARN_INT_CONVERSION = YES;
				CLANG_WARN_NON_LITERAL_NULL_CONVERSION = YES;
				CLANG_WARN_OBJC_LITERAL_CONVERSION = YES;
				CLANG_WARN_OBJC_ROOT_CLASS = YES_ERROR;
				CLANG_WARN_RANGE_LOOP_ANALYSIS = YES;
				CLANG_WARN_STRICT_PROTOTYPES = YES;
				CLANG_WARN_SUSPICIOUS_MOVE = YES;
				CLANG_WARN_UNGUARDED_AVAILABILITY = YES_AGGRESSIVE;
				CLANG_WARN_UNREACHABLE_CODE = YES;
				CLANG_WARN__DUPLICATE_METHOD_MATCH = YES;
				CODE_SIGN_IDENTITY = "iPhone Developer";
				COPY_PHASE_STRIP = NO;
				DEBUG_INFORMATION_FORMAT = "dwarf-with-dsym";
				ENABLE_NS_ASSERTIONS = NO;
				ENABLE_STRICT_OBJC_MSGSEND = YES;
				GCC_C_LANGUAGE_STANDARD = gnu11;
				GCC_NO_COMMON_BLOCKS = YES;
				GCC_WARN_64_TO_32_BIT_CONVERSION = YES;
				GCC_WARN_ABOUT_RETURN_TYPE = YES_ERROR;
				GCC_WARN_UNDECLARED_SELECTOR = YES;
				GCC_WARN_UNINITIALIZED_AUTOS = YES_AGGRESSIVE;
				GCC_WARN_UNUSED_FUNCTION = YES;
				GCC_WARN_UNUSED_VARIABLE = YES;
				IPHONEOS_DEPLOYMENT_TARGET = 11.0;
				MTL_ENABLE_DEBUG_INFO = NO;
				SDKROOT = iphoneos;
				VALIDATE_PRODUCT = YES;
			};
			name = Release;
		};
		617FC3681F91BE9B001F7ABE /* Debug */ = {
			isa = XCBuildConfiguration;
			buildSettings = {
				ASSETCATALOG_COMPILER_APPICON_NAME = AppIcon;
				CODE_SIGN_STYLE = Automatic;
				DEVELOPMENT_TEAM = 7MA24N8X8Q;
				INFOPLIST_FILE = AnalyzeDemo/Info.plist;
				LD_RUNPATH_SEARCH_PATHS = "$(inherited) @executable_path/Frameworks";
				PRODUCT_BUNDLE_IDENTIFIER = com.czq.AnalyzeDemo;
				PRODUCT_NAME = "$(TARGET_NAME)";
				TARGETED_DEVICE_FAMILY = "1,2";
			};
			name = Debug;
		};
		617FC3691F91BE9B001F7ABE /* Release */ = {
			isa = XCBuildConfiguration;
			buildSettings = {
				ASSETCATALOG_COMPILER_APPICON_NAME = AppIcon;
				CODE_SIGN_STYLE = Automatic;
				DEVELOPMENT_TEAM = 7MA24N8X8Q;
				INFOPLIST_FILE = AnalyzeDemo/Info.plist;
				LD_RUNPATH_SEARCH_PATHS = "$(inherited) @executable_path/Frameworks";
				PRODUCT_BUNDLE_IDENTIFIER = com.czq.AnalyzeDemo;
				PRODUCT_NAME = "$(TARGET_NAME)";
				TARGETED_DEVICE_FAMILY = "1,2";
			};
			name = Release;
		};
		617FC36B1F91BE9B001F7ABE /* Debug */ = {
			isa = XCBuildConfiguration;
			buildSettings = {
				BUNDLE_LOADER = "$(TEST_HOST)";
				CODE_SIGN_STYLE = Automatic;
				INFOPLIST_FILE = AnalyzeDemoTests/Info.plist;
				LD_RUNPATH_SEARCH_PATHS = "$(inherited) @executable_path/Frameworks @loader_path/Frameworks";
				PRODUCT_BUNDLE_IDENTIFIER = com.czq.AnalyzeDemoTests;
				PRODUCT_NAME = "$(TARGET_NAME)";
				TARGETED_DEVICE_FAMILY = "1,2";
				TEST_HOST = "$(BUILT_PRODUCTS_DIR)/AnalyzeDemo.app/AnalyzeDemo";
			};
			name = Debug;
		};
		617FC36C1F91BE9B001F7ABE /* Release */ = {
			isa = XCBuildConfiguration;
			buildSettings = {
				BUNDLE_LOADER = "$(TEST_HOST)";
				CODE_SIGN_STYLE = Automatic;
				INFOPLIST_FILE = AnalyzeDemoTests/Info.plist;
				LD_RUNPATH_SEARCH_PATHS = "$(inherited) @executable_path/Frameworks @loader_path/Frameworks";
				PRODUCT_BUNDLE_IDENTIFIER = com.czq.AnalyzeDemoTests;
				PRODUCT_NAME = "$(TARGET_NAME)";
				TARGETED_DEVICE_FAMILY = "1,2";
				TEST_HOST = "$(BUILT_PRODUCTS_DIR)/AnalyzeDemo.app/AnalyzeDemo";
			};
			name = Release;
		};
		617FC36E1F91BE9B001F7ABE /* Debug */ = {
			isa = XCBuildConfiguration;
			buildSettings = {
				CODE_SIGN_STYLE = Automatic;
				INFOPLIST_FILE = AnalyzeDemoUITests/Info.plist;
				LD_RUNPATH_SEARCH_PATHS = "$(inherited) @executable_path/Frameworks @loader_path/Frameworks";
				PRODUCT_BUNDLE_IDENTIFIER = com.czq.AnalyzeDemoUITests;
				PRODUCT_NAME = "$(TARGET_NAME)";
				TARGETED_DEVICE_FAMILY = "1,2";
				TEST_TARGET_NAME = AnalyzeDemo;
			};
			name = Debug;
		};
		617FC36F1F91BE9B001F7ABE /* Release */ = {
			isa = XCBuildConfiguration;
			buildSettings = {
				CODE_SIGN_STYLE = Automatic;
				INFOPLIST_FILE = AnalyzeDemoUITests/Info.plist;
				LD_RUNPATH_SEARCH_PATHS = "$(inherited) @executable_path/Frameworks @loader_path/Frameworks";
				PRODUCT_BUNDLE_IDENTIFIER = com.czq.AnalyzeDemoUITests;
				PRODUCT_NAME = "$(TARGET_NAME)";
				TARGETED_DEVICE_FAMILY = "1,2";
				TEST_TARGET_NAME = AnalyzeDemo;
			};
			name = Release;
		};
/* End XCBuildConfiguration section */

/* Begin XCConfigurationList section */
		617FC3331F91BE99001F7ABE /* Build configuration list for PBXProject "AnalyzeDemo" */ = {
			isa = XCConfigurationList;
			buildConfigurations = (
				617FC3651F91BE9B001F7ABE /* Debug */,
				617FC3661F91BE9B001F7ABE /* Release */,
			);
			defaultConfigurationIsVisible = 0;
			defaultConfigurationName = Release;
		};
		617FC3671F91BE9B001F7ABE /* Build configuration list for PBXNativeTarget "AnalyzeDemo" */ = {
			isa = XCConfigurationList;
			buildConfigurations = (
				617FC3681F91BE9B001F7ABE /* Debug */,
				617FC3691F91BE9B001F7ABE /* Release */,
			);
			defaultConfigurationIsVisible = 0;
			defaultConfigurationName = Release;
		};
		617FC36A1F91BE9B001F7ABE /* Build configuration list for PBXNativeTarget "AnalyzeDemoTests" */ = {
			isa = XCConfigurationList;
			buildConfigurations = (
				617FC36B1F91BE9B001F7ABE /* Debug */,
				617FC36C1F91BE9B001F7ABE /* Release */,
			);
			defaultConfigurationIsVisible = 0;
			defaultConfigurationName = Release;
		};
		617FC36D1F91BE9B001F7ABE /* Build configuration list for PBXNativeTarget "AnalyzeDemoUITests" */ = {
			isa = XCConfigurationList;
			buildConfigurations = (
				617FC36E1F91BE9B001F7ABE /* Debug */,
				617FC36F1F91BE9B001F7ABE /* Release */,
			);
			defaultConfigurationIsVisible = 0;
			defaultConfigurationName = Release;
		};
/* End XCConfigurationList section */

/* Begin XCVersionGroup section */
		617FC3441F91BE9B001F7ABE /* AnalyzeDemo.xcdatamodeld */ = {
			isa = XCVersionGroup;
			children = (
				617FC3451F91BE9B001F7ABE /* AnalyzeDemo.xcdatamodel */,
			);
			currentVersion = 617FC3451F91BE9B001F7ABE /* AnalyzeDemo.xcdatamodel */;
			path = AnalyzeDemo.xcdatamodeld;
			sourceTree = "<group>";
			versionGroupType = wrapper.xcdatamodel;
		};
/* End XCVersionGroup section */
	};
	rootObject = 617FC3301F91BE99001F7ABE /* Project object */;
}
