// !$*UTF8*$!
{
	archiveVersion = 1;
	classes = {
	};
	objectVersion = 50;
	objects = {

/* Begin PBXBuildFile section */
		01051D6624CD292F00C5E6A1 /* AppDelegate.m in Sources */ = {isa = PBXBuildFile; fileRef = 01051D6524CD292F00C5E6A1 /* AppDelegate.m */; };
		01051D6924CD292F00C5E6A1 /* SceneDelegate.m in Sources */ = {isa = PBXBuildFile; fileRef = 01051D6824CD292F00C5E6A1 /* SceneDelegate.m */; };
		01051D6C24CD292F00C5E6A1 /* ViewController.m in Sources */ = {isa = PBXBuildFile; fileRef = 01051D6B24CD292F00C5E6A1 /* ViewController.m */; };
		01051D6F24CD292F00C5E6A1 /* Main.storyboard in Resources */ = {isa = PBXBuildFile; fileRef = 01051D6D24CD292F00C5E6A1 /* Main.storyboard */; };
		01051D7124CD293000C5E6A1 /* Assets.xcassets in Resources */ = {isa = PBXBuildFile; fileRef = 01051D7024CD293000C5E6A1 /* Assets.xcassets */; };
		01051D7424CD293000C5E6A1 /* LaunchScreen.storyboard in Resources */ = {isa = PBXBuildFile; fileRef = 01051D7224CD293000C5E6A1 /* LaunchScreen.storyboard */; };
		01051D7724CD293000C5E6A1 /* main.m in Sources */ = {isa = PBXBuildFile; fileRef = 01051D7624CD293000C5E6A1 /* main.m */; };
		01051D8124CD293000C5E6A1 /* UnderlyingTests.m in Sources */ = {isa = PBXBuildFile; fileRef = 01051D8024CD293000C5E6A1 /* UnderlyingTests.m */; };
		01051D8C24CD293000C5E6A1 /* UnderlyingUITests.m in Sources */ = {isa = PBXBuildFile; fileRef = 01051D8B24CD293000C5E6A1 /* UnderlyingUITests.m */; };
		01051D9C24CD2C6800C5E6A1 /* CZQMemoryManagement.m in Sources */ = {isa = PBXBuildFile; fileRef = 01051D9B24CD2C6800C5E6A1 /* CZQMemoryManagement.m */; };
		01051D9E24CD8B4D00C5E6A1 /* main-arm64.cpp in Sources */ = {isa = PBXBuildFile; fileRef = 01051D9D24CD8B4D00C5E6A1 /* main-arm64.cpp */; };
/* End PBXBuildFile section */

/* Begin PBXContainerItemProxy section */
		01051D7D24CD293000C5E6A1 /* PBXContainerItemProxy */ = {
			isa = PBXContainerItemProxy;
			containerPortal = 01051D5924CD292F00C5E6A1 /* Project object */;
			proxyType = 1;
			remoteGlobalIDString = 01051D6024CD292F00C5E6A1;
			remoteInfo = Underlying;
		};
		01051D8824CD293000C5E6A1 /* PBXContainerItemProxy */ = {
			isa = PBXContainerItemProxy;
			containerPortal = 01051D5924CD292F00C5E6A1 /* Project object */;
			proxyType = 1;
			remoteGlobalIDString = 01051D6024CD292F00C5E6A1;
			remoteInfo = Underlying;
		};
/* End PBXContainerItemProxy section */

/* Begin PBXFileReference section */
		01051D6124CD292F00C5E6A1 /* Underlying.app */ = {isa = PBXFileReference; explicitFileType = wrapper.application; includeInIndex = 0; path = Underlying.app; sourceTree = BUILT_PRODUCTS_DIR; };
		01051D6424CD292F00C5E6A1 /* AppDelegate.h */ = {isa = PBXFileReference; lastKnownFileType = sourcecode.c.h; path = AppDelegate.h; sourceTree = "<group>"; };
		01051D6524CD292F00C5E6A1 /* AppDelegate.m */ = {isa = PBXFileReference; lastKnownFileType = sourcecode.c.objc; path = AppDelegate.m; sourceTree = "<group>"; };
		01051D6724CD292F00C5E6A1 /* SceneDelegate.h */ = {isa = PBXFileReference; lastKnownFileType = sourcecode.c.h; path = SceneDelegate.h; sourceTree = "<group>"; };
		01051D6824CD292F00C5E6A1 /* SceneDelegate.m */ = {isa = PBXFileReference; lastKnownFileType = sourcecode.c.objc; path = SceneDelegate.m; sourceTree = "<group>"; };
		01051D6A24CD292F00C5E6A1 /* ViewController.h */ = {isa = PBXFileReference; lastKnownFileType = sourcecode.c.h; path = ViewController.h; sourceTree = "<group>"; };
		01051D6B24CD292F00C5E6A1 /* ViewController.m */ = {isa = PBXFileReference; lastKnownFileType = sourcecode.c.objc; path = ViewController.m; sourceTree = "<group>"; };
		01051D6E24CD292F00C5E6A1 /* Base */ = {isa = PBXFileReference; lastKnownFileType = file.storyboard; name = Base; path = Base.lproj/Main.storyboard; sourceTree = "<group>"; };
		01051D7024CD293000C5E6A1 /* Assets.xcassets */ = {isa = PBXFileReference; lastKnownFileType = folder.assetcatalog; path = Assets.xcassets; sourceTree = "<group>"; };
		01051D7324CD293000C5E6A1 /* Base */ = {isa = PBXFileReference; lastKnownFileType = file.storyboard; name = Base; path = Base.lproj/LaunchScreen.storyboard; sourceTree = "<group>"; };
		01051D7524CD293000C5E6A1 /* Info.plist */ = {isa = PBXFileReference; lastKnownFileType = text.plist.xml; path = Info.plist; sourceTree = "<group>"; };
		01051D7624CD293000C5E6A1 /* main.m */ = {isa = PBXFileReference; lastKnownFileType = sourcecode.c.objc; path = main.m; sourceTree = "<group>"; };
		01051D7C24CD293000C5E6A1 /* UnderlyingTests.xctest */ = {isa = PBXFileReference; explicitFileType = wrapper.cfbundle; includeInIndex = 0; path = UnderlyingTests.xctest; sourceTree = BUILT_PRODUCTS_DIR; };
		01051D8024CD293000C5E6A1 /* UnderlyingTests.m */ = {isa = PBXFileReference; lastKnownFileType = sourcecode.c.objc; path = UnderlyingTests.m; sourceTree = "<group>"; };
		01051D8224CD293000C5E6A1 /* Info.plist */ = {isa = PBXFileReference; lastKnownFileType = text.plist.xml; path = Info.plist; sourceTree = "<group>"; };
		01051D8724CD293000C5E6A1 /* UnderlyingUITests.xctest */ = {isa = PBXFileReference; explicitFileType = wrapper.cfbundle; includeInIndex = 0; path = UnderlyingUITests.xctest; sourceTree = BUILT_PRODUCTS_DIR; };
		01051D8B24CD293000C5E6A1 /* UnderlyingUITests.m */ = {isa = PBXFileReference; lastKnownFileType = sourcecode.c.objc; path = UnderlyingUITests.m; sourceTree = "<group>"; };
		01051D8D24CD293000C5E6A1 /* Info.plist */ = {isa = PBXFileReference; lastKnownFileType = text.plist.xml; path = Info.plist; sourceTree = "<group>"; };
		01051D9A24CD2C6800C5E6A1 /* CZQMemoryManagement.h */ = {isa = PBXFileReference; lastKnownFileType = sourcecode.c.h; path = CZQMemoryManagement.h; sourceTree = "<group>"; };
		01051D9B24CD2C6800C5E6A1 /* CZQMemoryManagement.m */ = {isa = PBXFileReference; lastKnownFileType = sourcecode.c.objc; path = CZQMemoryManagement.m; sourceTree = "<group>"; };
		01051D9D24CD8B4D00C5E6A1 /* main-arm64.cpp */ = {isa = PBXFileReference; fileEncoding = 4; lastKnownFileType = sourcecode.cpp.cpp; path = "main-arm64.cpp"; sourceTree = "<group>"; };
/* End PBXFileReference section */

/* Begin PBXFrameworksBuildPhase section */
		01051D5E24CD292F00C5E6A1 /* Frameworks */ = {
			isa = PBXFrameworksBuildPhase;
			buildActionMask = 2147483647;
			files = (
			);
			runOnlyForDeploymentPostprocessing = 0;
		};
		01051D7924CD293000C5E6A1 /* Frameworks */ = {
			isa = PBXFrameworksBuildPhase;
			buildActionMask = 2147483647;
			files = (
			);
			runOnlyForDeploymentPostprocessing = 0;
		};
		01051D8424CD293000C5E6A1 /* Frameworks */ = {
			isa = PBXFrameworksBuildPhase;
			buildActionMask = 2147483647;
			files = (
			);
			runOnlyForDeploymentPostprocessing = 0;
		};
/* End PBXFrameworksBuildPhase section */

/* Begin PBXGroup section */
		01051D5824CD292F00C5E6A1 = {
			isa = PBXGroup;
			children = (
				01051D6324CD292F00C5E6A1 /* Underlying */,
				01051D7F24CD293000C5E6A1 /* UnderlyingTests */,
				01051D8A24CD293000C5E6A1 /* UnderlyingUITests */,
				01051D6224CD292F00C5E6A1 /* Products */,
			);
			sourceTree = "<group>";
		};
		01051D6224CD292F00C5E6A1 /* Products */ = {
			isa = PBXGroup;
			children = (
				01051D6124CD292F00C5E6A1 /* Underlying.app */,
				01051D7C24CD293000C5E6A1 /* UnderlyingTests.xctest */,
				01051D8724CD293000C5E6A1 /* UnderlyingUITests.xctest */,
			);
			name = Products;
			sourceTree = "<group>";
		};
		01051D6324CD292F00C5E6A1 /* Underlying */ = {
			isa = PBXGroup;
			children = (
				01051D9924CD2BC100C5E6A1 /* MemoryManagement */,
				01051D6424CD292F00C5E6A1 /* AppDelegate.h */,
				01051D6524CD292F00C5E6A1 /* AppDelegate.m */,
				01051D6724CD292F00C5E6A1 /* SceneDelegate.h */,
				01051D6824CD292F00C5E6A1 /* SceneDelegate.m */,
				01051D6A24CD292F00C5E6A1 /* ViewController.h */,
				01051D6B24CD292F00C5E6A1 /* ViewController.m */,
				01051D6D24CD292F00C5E6A1 /* Main.storyboard */,
				01051D7024CD293000C5E6A1 /* Assets.xcassets */,
				01051D7224CD293000C5E6A1 /* LaunchScreen.storyboard */,
				01051D7524CD293000C5E6A1 /* Info.plist */,
				01051D9D24CD8B4D00C5E6A1 /* main-arm64.cpp */,
				01051D7624CD293000C5E6A1 /* main.m */,
			);
			path = Underlying;
			sourceTree = "<group>";
		};
		01051D7F24CD293000C5E6A1 /* UnderlyingTests */ = {
			isa = PBXGroup;
			children = (
				01051D8024CD293000C5E6A1 /* UnderlyingTests.m */,
				01051D8224CD293000C5E6A1 /* Info.plist */,
			);
			path = UnderlyingTests;
			sourceTree = "<group>";
		};
		01051D8A24CD293000C5E6A1 /* UnderlyingUITests */ = {
			isa = PBXGroup;
			children = (
				01051D8B24CD293000C5E6A1 /* UnderlyingUITests.m */,
				01051D8D24CD293000C5E6A1 /* Info.plist */,
			);
			path = UnderlyingUITests;
			sourceTree = "<group>";
		};
		01051D9924CD2BC100C5E6A1 /* MemoryManagement */ = {
			isa = PBXGroup;
			children = (
				01051D9A24CD2C6800C5E6A1 /* CZQMemoryManagement.h */,
				01051D9B24CD2C6800C5E6A1 /* CZQMemoryManagement.m */,
			);
			path = MemoryManagement;
			sourceTree = "<group>";
		};
/* End PBXGroup section */

/* Begin PBXNativeTarget section */
		01051D6024CD292F00C5E6A1 /* Underlying */ = {
			isa = PBXNativeTarget;
			buildConfigurationList = 01051D9024CD293000C5E6A1 /* Build configuration list for PBXNativeTarget "Underlying" */;
			buildPhases = (
				01051D5D24CD292F00C5E6A1 /* Sources */,
				01051D5E24CD292F00C5E6A1 /* Frameworks */,
				01051D5F24CD292F00C5E6A1 /* Resources */,
			);
			buildRules = (
			);
			dependencies = (
			);
			name = Underlying;
			productName = Underlying;
			productReference = 01051D6124CD292F00C5E6A1 /* Underlying.app */;
			productType = "com.apple.product-type.application";
		};
		01051D7B24CD293000C5E6A1 /* UnderlyingTests */ = {
			isa = PBXNativeTarget;
			buildConfigurationList = 01051D9324CD293000C5E6A1 /* Build configuration list for PBXNativeTarget "UnderlyingTests" */;
			buildPhases = (
				01051D7824CD293000C5E6A1 /* Sources */,
				01051D7924CD293000C5E6A1 /* Frameworks */,
				01051D7A24CD293000C5E6A1 /* Resources */,
			);
			buildRules = (
			);
			dependencies = (
				01051D7E24CD293000C5E6A1 /* PBXTargetDependency */,
			);
			name = UnderlyingTests;
			productName = UnderlyingTests;
			productReference = 01051D7C24CD293000C5E6A1 /* UnderlyingTests.xctest */;
			productType = "com.apple.product-type.bundle.unit-test";
		};
		01051D8624CD293000C5E6A1 /* UnderlyingUITests */ = {
			isa = PBXNativeTarget;
			buildConfigurationList = 01051D9624CD293000C5E6A1 /* Build configuration list for PBXNativeTarget "UnderlyingUITests" */;
			buildPhases = (
				01051D8324CD293000C5E6A1 /* Sources */,
				01051D8424CD293000C5E6A1 /* Frameworks */,
				01051D8524CD293000C5E6A1 /* Resources */,
			);
			buildRules = (
			);
			dependencies = (
				01051D8924CD293000C5E6A1 /* PBXTargetDependency */,
			);
			name = UnderlyingUITests;
			productName = UnderlyingUITests;
			productReference = 01051D8724CD293000C5E6A1 /* UnderlyingUITests.xctest */;
			productType = "com.apple.product-type.bundle.ui-testing";
		};
/* End PBXNativeTarget section */

/* Begin PBXProject section */
		01051D5924CD292F00C5E6A1 /* Project object */ = {
			isa = PBXProject;
			attributes = {
				LastUpgradeCheck = 1130;
				ORGANIZATIONNAME = czq;
				TargetAttributes = {
					01051D6024CD292F00C5E6A1 = {
						CreatedOnToolsVersion = 11.3;
					};
					01051D7B24CD293000C5E6A1 = {
						CreatedOnToolsVersion = 11.3;
						TestTargetID = 01051D6024CD292F00C5E6A1;
					};
					01051D8624CD293000C5E6A1 = {
						CreatedOnToolsVersion = 11.3;
						TestTargetID = 01051D6024CD292F00C5E6A1;
					};
				};
			};
			buildConfigurationList = 01051D5C24CD292F00C5E6A1 /* Build configuration list for PBXProject "Underlying" */;
			compatibilityVersion = "Xcode 9.3";
			developmentRegion = en;
			hasScannedForEncodings = 0;
			knownRegions = (
				en,
				Base,
			);
			mainGroup = 01051D5824CD292F00C5E6A1;
			productRefGroup = 01051D6224CD292F00C5E6A1 /* Products */;
			projectDirPath = "";
			projectRoot = "";
			targets = (
				01051D6024CD292F00C5E6A1 /* Underlying */,
				01051D7B24CD293000C5E6A1 /* UnderlyingTests */,
				01051D8624CD293000C5E6A1 /* UnderlyingUITests */,
			);
		};
/* End PBXProject section */

/* Begin PBXResourcesBuildPhase section */
		01051D5F24CD292F00C5E6A1 /* Resources */ = {
			isa = PBXResourcesBuildPhase;
			buildActionMask = 2147483647;
			files = (
				01051D7424CD293000C5E6A1 /* LaunchScreen.storyboard in Resources */,
				01051D7124CD293000C5E6A1 /* Assets.xcassets in Resources */,
				01051D6F24CD292F00C5E6A1 /* Main.storyboard in Resources */,
			);
			runOnlyForDeploymentPostprocessing = 0;
		};
		01051D7A24CD293000C5E6A1 /* Resources */ = {
			isa = PBXResourcesBuildPhase;
			buildActionMask = 2147483647;
			files = (
			);
			runOnlyForDeploymentPostprocessing = 0;
		};
		01051D8524CD293000C5E6A1 /* Resources */ = {
			isa = PBXResourcesBuildPhase;
			buildActionMask = 2147483647;
			files = (
			);
			runOnlyForDeploymentPostprocessing = 0;
		};
/* End PBXResourcesBuildPhase section */

/* Begin PBXSourcesBuildPhase section */
		01051D5D24CD292F00C5E6A1 /* Sources */ = {
			isa = PBXSourcesBuildPhase;
			buildActionMask = 2147483647;
			files = (
				01051D9C24CD2C6800C5E6A1 /* CZQMemoryManagement.m in Sources */,
				01051D6C24CD292F00C5E6A1 /* ViewController.m in Sources */,
				01051D6624CD292F00C5E6A1 /* AppDelegate.m in Sources */,
				01051D7724CD293000C5E6A1 /* main.m in Sources */,
				01051D6924CD292F00C5E6A1 /* SceneDelegate.m in Sources */,
				01051D9E24CD8B4D00C5E6A1 /* main-arm64.cpp in Sources */,
			);
			runOnlyForDeploymentPostprocessing = 0;
		};
		01051D7824CD293000C5E6A1 /* Sources */ = {
			isa = PBXSourcesBuildPhase;
			buildActionMask = 2147483647;
			files = (
				01051D8124CD293000C5E6A1 /* UnderlyingTests.m in Sources */,
			);
			runOnlyForDeploymentPostprocessing = 0;
		};
		01051D8324CD293000C5E6A1 /* Sources */ = {
			isa = PBXSourcesBuildPhase;
			buildActionMask = 2147483647;
			files = (
				01051D8C24CD293000C5E6A1 /* UnderlyingUITests.m in Sources */,
			);
			runOnlyForDeploymentPostprocessing = 0;
		};
/* End PBXSourcesBuildPhase section */

/* Begin PBXTargetDependency section */
		01051D7E24CD293000C5E6A1 /* PBXTargetDependency */ = {
			isa = PBXTargetDependency;
			target = 01051D6024CD292F00C5E6A1 /* Underlying */;
			targetProxy = 01051D7D24CD293000C5E6A1 /* PBXContainerItemProxy */;
		};
		01051D8924CD293000C5E6A1 /* PBXTargetDependency */ = {
			isa = PBXTargetDependency;
			target = 01051D6024CD292F00C5E6A1 /* Underlying */;
			targetProxy = 01051D8824CD293000C5E6A1 /* PBXContainerItemProxy */;
		};
/* End PBXTargetDependency section */

/* Begin PBXVariantGroup section */
		01051D6D24CD292F00C5E6A1 /* Main.storyboard */ = {
			isa = PBXVariantGroup;
			children = (
				01051D6E24CD292F00C5E6A1 /* Base */,
			);
			name = Main.storyboard;
			sourceTree = "<group>";
		};
		01051D7224CD293000C5E6A1 /* LaunchScreen.storyboard */ = {
			isa = PBXVariantGroup;
			children = (
				01051D7324CD293000C5E6A1 /* Base */,
			);
			name = LaunchScreen.storyboard;
			sourceTree = "<group>";
		};
/* End PBXVariantGroup section */

/* Begin XCBuildConfiguration section */
		01051D8E24CD293000C5E6A1 /* Debug */ = {
			isa = XCBuildConfiguration;
			buildSettings = {
				ALWAYS_SEARCH_USER_PATHS = NO;
				CLANG_ANALYZER_NONNULL = YES;
				CLANG_ANALYZER_NUMBER_OBJECT_CONVERSION = YES_AGGRESSIVE;
				CLANG_CXX_LANGUAGE_STANDARD = "gnu++14";
				CLANG_CXX_LIBRARY = "libc++";
				CLANG_ENABLE_MODULES = YES;
				CLANG_ENABLE_OBJC_ARC = YES;
				CLANG_ENABLE_OBJC_WEAK = YES;
				CLANG_WARN_BLOCK_CAPTURE_AUTORELEASING = YES;
				CLANG_WARN_BOOL_CONVERSION = YES;
				CLANG_WARN_COMMA = YES;
				CLANG_WARN_CONSTANT_CONVERSION = YES;
				CLANG_WARN_DEPRECATED_OBJC_IMPLEMENTATIONS = YES;
				CLANG_WARN_DIRECT_OBJC_ISA_USAGE = YES_ERROR;
				CLANG_WARN_DOCUMENTATION_COMMENTS = YES;
				CLANG_WARN_EMPTY_BODY = YES;
				CLANG_WARN_ENUM_CONVERSION = YES;
				CLANG_WARN_INFINITE_RECURSION = YES;
				CLANG_WARN_INT_CONVERSION = YES;
				CLANG_WARN_NON_LITERAL_NULL_CONVERSION = YES;
				CLANG_WARN_OBJC_IMPLICIT_RETAIN_SELF = YES;
				CLANG_WARN_OBJC_LITERAL_CONVERSION = YES;
				CLANG_WARN_OBJC_ROOT_CLASS = YES_ERROR;
				CLANG_WARN_RANGE_LOOP_ANALYSIS = YES;
				CLANG_WARN_STRICT_PROTOTYPES = YES;
				CLANG_WARN_SUSPICIOUS_MOVE = YES;
				CLANG_WARN_UNGUARDED_AVAILABILITY = YES_AGGRESSIVE;
				CLANG_WARN_UNREACHABLE_CODE = YES;
				CLANG_WARN__DUPLICATE_METHOD_MATCH = YES;
				COPY_PHASE_STRIP = NO;
				DEBUG_INFORMATION_FORMAT = dwarf;
				ENABLE_STRICT_OBJC_MSGSEND = YES;
				ENABLE_TESTABILITY = YES;
				GCC_C_LANGUAGE_STANDARD = gnu11;
				GCC_DYNAMIC_NO_PIC = NO;
				GCC_NO_COMMON_BLOCKS = YES;
				GCC_OPTIMIZATION_LEVEL = 0;
				GCC_PREPROCESSOR_DEFINITIONS = (
					"DEBUG=1",
					"$(inherited)",
				);
				GCC_WARN_64_TO_32_BIT_CONVERSION = YES;
				GCC_WARN_ABOUT_RETURN_TYPE = YES_ERROR;
				GCC_WARN_UNDECLARED_SELECTOR = YES;
				GCC_WARN_UNINITIALIZED_AUTOS = YES_AGGRESSIVE;
				GCC_WARN_UNUSED_FUNCTION = YES;
				GCC_WARN_UNUSED_VARIABLE = YES;
				IPHONEOS_DEPLOYMENT_TARGET = 13.2;
				MTL_ENABLE_DEBUG_INFO = INCLUDE_SOURCE;
				MTL_FAST_MATH = YES;
				ONLY_ACTIVE_ARCH = YES;
				SDKROOT = iphoneos;
			};
			name = Debug;
		};
		01051D8F24CD293000C5E6A1 /* Release */ = {
			isa = XCBuildConfiguration;
			buildSettings = {
				ALWAYS_SEARCH_USER_PATHS = NO;
				CLANG_ANALYZER_NONNULL = YES;
				CLANG_ANALYZER_NUMBER_OBJECT_CONVERSION = YES_AGGRESSIVE;
				CLANG_CXX_LANGUAGE_STANDARD = "gnu++14";
				CLANG_CXX_LIBRARY = "libc++";
				CLANG_ENABLE_MODULES = YES;
				CLANG_ENABLE_OBJC_ARC = YES;
				CLANG_ENABLE_OBJC_WEAK = YES;
				CLANG_WARN_BLOCK_CAPTURE_AUTORELEASING = YES;
				CLANG_WARN_BOOL_CONVERSION = YES;
				CLANG_WARN_COMMA = YES;
				CLANG_WARN_CONSTANT_CONVERSION = YES;
				CLANG_WARN_DEPRECATED_OBJC_IMPLEMENTATIONS = YES;
				CLANG_WARN_DIRECT_OBJC_ISA_USAGE = YES_ERROR;
				CLANG_WARN_DOCUMENTATION_COMMENTS = YES;
				CLANG_WARN_EMPTY_BODY = YES;
				CLANG_WARN_ENUM_CONVERSION = YES;
				CLANG_WARN_INFINITE_RECURSION = YES;
				CLANG_WARN_INT_CONVERSION = YES;
				CLANG_WARN_NON_LITERAL_NULL_CONVERSION = YES;
				CLANG_WARN_OBJC_IMPLICIT_RETAIN_SELF = YES;
				CLANG_WARN_OBJC_LITERAL_CONVERSION = YES;
				CLANG_WARN_OBJC_ROOT_CLASS = YES_ERROR;
				CLANG_WARN_RANGE_LOOP_ANALYSIS = YES;
				CLANG_WARN_STRICT_PROTOTYPES = YES;
				CLANG_WARN_SUSPICIOUS_MOVE = YES;
				CLANG_WARN_UNGUARDED_AVAILABILITY = YES_AGGRESSIVE;
				CLANG_WARN_UNREACHABLE_CODE = YES;
				CLANG_WARN__DUPLICATE_METHOD_MATCH = YES;
				COPY_PHASE_STRIP = NO;
				DEBUG_INFORMATION_FORMAT = "dwarf-with-dsym";
				ENABLE_NS_ASSERTIONS = NO;
				ENABLE_STRICT_OBJC_MSGSEND = YES;
				GCC_C_LANGUAGE_STANDARD = gnu11;
				GCC_NO_COMMON_BLOCKS = YES;
				GCC_WARN_64_TO_32_BIT_CONVERSION = YES;
				GCC_WARN_ABOUT_RETURN_TYPE = YES_ERROR;
				GCC_WARN_UNDECLARED_SELECTOR = YES;
				GCC_WARN_UNINITIALIZED_AUTOS = YES_AGGRESSIVE;
				GCC_WARN_UNUSED_FUNCTION = YES;
				GCC_WARN_UNUSED_VARIABLE = YES;
				IPHONEOS_DEPLOYMENT_TARGET = 13.2;
				MTL_ENABLE_DEBUG_INFO = NO;
				MTL_FAST_MATH = YES;
				SDKROOT = iphoneos;
				VALIDATE_PRODUCT = YES;
			};
			name = Release;
		};
		01051D9124CD293000C5E6A1 /* Debug */ = {
			isa = XCBuildConfiguration;
			buildSettings = {
				ASSETCATALOG_COMPILER_APPICON_NAME = AppIcon;
				CODE_SIGN_STYLE = Automatic;
				DEVELOPMENT_TEAM = 26VQ9228H8;
				INFOPLIST_FILE = Underlying/Info.plist;
				LD_RUNPATH_SEARCH_PATHS = (
					"$(inherited)",
					"@executable_path/Frameworks",
				);
				PRODUCT_BUNDLE_IDENTIFIER = com.czq.underlying.Underlying;
				PRODUCT_NAME = "$(TARGET_NAME)";
				TARGETED_DEVICE_FAMILY = "1,2";
			};
			name = Debug;
		};
		01051D9224CD293000C5E6A1 /* Release */ = {
			isa = XCBuildConfiguration;
			buildSettings = {
				ASSETCATALOG_COMPILER_APPICON_NAME = AppIcon;
				CODE_SIGN_STYLE = Automatic;
				DEVELOPMENT_TEAM = 26VQ9228H8;
				INFOPLIST_FILE = Underlying/Info.plist;
				LD_RUNPATH_SEARCH_PATHS = (
					"$(inherited)",
					"@executable_path/Frameworks",
				);
				PRODUCT_BUNDLE_IDENTIFIER = com.czq.underlying.Underlying;
				PRODUCT_NAME = "$(TARGET_NAME)";
				TARGETED_DEVICE_FAMILY = "1,2";
			};
			name = Release;
		};
		01051D9424CD293000C5E6A1 /* Debug */ = {
			isa = XCBuildConfiguration;
			buildSettings = {
				BUNDLE_LOADER = "$(TEST_HOST)";
				CODE_SIGN_STYLE = Automatic;
				DEVELOPMENT_TEAM = 26VQ9228H8;
				INFOPLIST_FILE = UnderlyingTests/Info.plist;
				IPHONEOS_DEPLOYMENT_TARGET = 13.2;
				LD_RUNPATH_SEARCH_PATHS = (
					"$(inherited)",
					"@executable_path/Frameworks",
					"@loader_path/Frameworks",
				);
				PRODUCT_BUNDLE_IDENTIFIER = com.czq.underlying.UnderlyingTests;
				PRODUCT_NAME = "$(TARGET_NAME)";
				TARGETED_DEVICE_FAMILY = "1,2";
				TEST_HOST = "$(BUILT_PRODUCTS_DIR)/Underlying.app/Underlying";
			};
			name = Debug;
		};
		01051D9524CD293000C5E6A1 /* Release */ = {
			isa = XCBuildConfiguration;
			buildSettings = {
				BUNDLE_LOADER = "$(TEST_HOST)";
				CODE_SIGN_STYLE = Automatic;
				DEVELOPMENT_TEAM = 26VQ9228H8;
				INFOPLIST_FILE = UnderlyingTests/Info.plist;
				IPHONEOS_DEPLOYMENT_TARGET = 13.2;
				LD_RUNPATH_SEARCH_PATHS = (
					"$(inherited)",
					"@executable_path/Frameworks",
					"@loader_path/Frameworks",
				);
				PRODUCT_BUNDLE_IDENTIFIER = com.czq.underlying.UnderlyingTests;
				PRODUCT_NAME = "$(TARGET_NAME)";
				TARGETED_DEVICE_FAMILY = "1,2";
				TEST_HOST = "$(BUILT_PRODUCTS_DIR)/Underlying.app/Underlying";
			};
			name = Release;
		};
		01051D9724CD293000C5E6A1 /* Debug */ = {
			isa = XCBuildConfiguration;
			buildSettings = {
				CODE_SIGN_STYLE = Automatic;
				DEVELOPMENT_TEAM = 26VQ9228H8;
				INFOPLIST_FILE = UnderlyingUITests/Info.plist;
				LD_RUNPATH_SEARCH_PATHS = (
					"$(inherited)",
					"@executable_path/Frameworks",
					"@loader_path/Frameworks",
				);
				PRODUCT_BUNDLE_IDENTIFIER = com.czq.underlying.UnderlyingUITests;
				PRODUCT_NAME = "$(TARGET_NAME)";
				TARGETED_DEVICE_FAMILY = "1,2";
				TEST_TARGET_NAME = Underlying;
			};
			name = Debug;
		};
		01051D9824CD293000C5E6A1 /* Release */ = {
			isa = XCBuildConfiguration;
			buildSettings = {
				CODE_SIGN_STYLE = Automatic;
				DEVELOPMENT_TEAM = 26VQ9228H8;
				INFOPLIST_FILE = UnderlyingUITests/Info.plist;
				LD_RUNPATH_SEARCH_PATHS = (
					"$(inherited)",
					"@executable_path/Frameworks",
					"@loader_path/Frameworks",
				);
				PRODUCT_BUNDLE_IDENTIFIER = com.czq.underlying.UnderlyingUITests;
				PRODUCT_NAME = "$(TARGET_NAME)";
				TARGETED_DEVICE_FAMILY = "1,2";
				TEST_TARGET_NAME = Underlying;
			};
			name = Release;
		};
/* End XCBuildConfiguration section */

/* Begin XCConfigurationList section */
		01051D5C24CD292F00C5E6A1 /* Build configuration list for PBXProject "Underlying" */ = {
			isa = XCConfigurationList;
			buildConfigurations = (
				01051D8E24CD293000C5E6A1 /* Debug */,
				01051D8F24CD293000C5E6A1 /* Release */,
			);
			defaultConfigurationIsVisible = 0;
			defaultConfigurationName = Release;
		};
		01051D9024CD293000C5E6A1 /* Build configuration list for PBXNativeTarget "Underlying" */ = {
			isa = XCConfigurationList;
			buildConfigurations = (
				01051D9124CD293000C5E6A1 /* Debug */,
				01051D9224CD293000C5E6A1 /* Release */,
			);
			defaultConfigurationIsVisible = 0;
			defaultConfigurationName = Release;
		};
		01051D9324CD293000C5E6A1 /* Build configuration list for PBXNativeTarget "UnderlyingTests" */ = {
			isa = XCConfigurationList;
			buildConfigurations = (
				01051D9424CD293000C5E6A1 /* Debug */,
				01051D9524CD293000C5E6A1 /* Release */,
			);
			defaultConfigurationIsVisible = 0;
			defaultConfigurationName = Release;
		};
		01051D9624CD293000C5E6A1 /* Build configuration list for PBXNativeTarget "UnderlyingUITests" */ = {
			isa = XCConfigurationList;
			buildConfigurations = (
				01051D9724CD293000C5E6A1 /* Debug */,
				01051D9824CD293000C5E6A1 /* Release */,
			);
			defaultConfigurationIsVisible = 0;
			defaultConfigurationName = Release;
		};
/* End XCConfigurationList section */
	};
	rootObject = 01051D5924CD292F00C5E6A1 /* Project object */;
}
