// !$*UTF8*$!
{
	archiveVersion = 1;
	classes = {
	};
	objectVersion = 50;
	objects = {

/* Begin PBXBuildFile section */
		0173AFDA24E190A600FAD1F8 /* AppDelegate.m in Sources */ = {isa = PBXBuildFile; fileRef = 0173AFD924E190A600FAD1F8 /* AppDelegate.m */; };
		0173AFDD24E190A600FAD1F8 /* SceneDelegate.m in Sources */ = {isa = PBXBuildFile; fileRef = 0173AFDC24E190A600FAD1F8 /* SceneDelegate.m */; };
		0173AFE024E190A600FAD1F8 /* ViewController.m in Sources */ = {isa = PBXBuildFile; fileRef = 0173AFDF24E190A600FAD1F8 /* ViewController.m */; };
		0173AFE324E190A600FAD1F8 /* Main.storyboard in Resources */ = {isa = PBXBuildFile; fileRef = 0173AFE124E190A600FAD1F8 /* Main.storyboard */; };
		0173AFE524E190A700FAD1F8 /* Assets.xcassets in Resources */ = {isa = PBXBuildFile; fileRef = 0173AFE424E190A700FAD1F8 /* Assets.xcassets */; };
		0173AFE824E190A700FAD1F8 /* LaunchScreen.storyboard in Resources */ = {isa = PBXBuildFile; fileRef = 0173AFE624E190A700FAD1F8 /* LaunchScreen.storyboard */; };
		0173AFEB24E190A700FAD1F8 /* main.m in Sources */ = {isa = PBXBuildFile; fileRef = 0173AFEA24E190A700FAD1F8 /* main.m */; };
		0173AFF524E190A700FAD1F8 /* CodingDemoTests.m in Sources */ = {isa = PBXBuildFile; fileRef = 0173AFF424E190A700FAD1F8 /* CodingDemoTests.m */; };
		0173B00024E190A700FAD1F8 /* CodingDemoUITests.m in Sources */ = {isa = PBXBuildFile; fileRef = 0173AFFF24E190A700FAD1F8 /* CodingDemoUITests.m */; };
		0173B00F24E196F700FAD1F8 /* CZQObjc1.m in Sources */ = {isa = PBXBuildFile; fileRef = 0173B00E24E196F700FAD1F8 /* CZQObjc1.m */; };
		0173B01224E1970400FAD1F8 /* CZQObjc2.m in Sources */ = {isa = PBXBuildFile; fileRef = 0173B01124E1970400FAD1F8 /* CZQObjc2.m */; };
/* End PBXBuildFile section */

/* Begin PBXContainerItemProxy section */
		0173AFF124E190A700FAD1F8 /* PBXContainerItemProxy */ = {
			isa = PBXContainerItemProxy;
			containerPortal = 0173AFCD24E190A600FAD1F8 /* Project object */;
			proxyType = 1;
			remoteGlobalIDString = 0173AFD424E190A600FAD1F8;
			remoteInfo = CodingDemo;
		};
		0173AFFC24E190A700FAD1F8 /* PBXContainerItemProxy */ = {
			isa = PBXContainerItemProxy;
			containerPortal = 0173AFCD24E190A600FAD1F8 /* Project object */;
			proxyType = 1;
			remoteGlobalIDString = 0173AFD424E190A600FAD1F8;
			remoteInfo = CodingDemo;
		};
/* End PBXContainerItemProxy section */

/* Begin PBXFileReference section */
		0173AFD524E190A600FAD1F8 /* CodingDemo.app */ = {isa = PBXFileReference; explicitFileType = wrapper.application; includeInIndex = 0; path = CodingDemo.app; sourceTree = BUILT_PRODUCTS_DIR; };
		0173AFD824E190A600FAD1F8 /* AppDelegate.h */ = {isa = PBXFileReference; lastKnownFileType = sourcecode.c.h; path = AppDelegate.h; sourceTree = "<group>"; };
		0173AFD924E190A600FAD1F8 /* AppDelegate.m */ = {isa = PBXFileReference; lastKnownFileType = sourcecode.c.objc; path = AppDelegate.m; sourceTree = "<group>"; };
		0173AFDB24E190A600FAD1F8 /* SceneDelegate.h */ = {isa = PBXFileReference; lastKnownFileType = sourcecode.c.h; path = SceneDelegate.h; sourceTree = "<group>"; };
		0173AFDC24E190A600FAD1F8 /* SceneDelegate.m */ = {isa = PBXFileReference; lastKnownFileType = sourcecode.c.objc; path = SceneDelegate.m; sourceTree = "<group>"; };
		0173AFDE24E190A600FAD1F8 /* ViewController.h */ = {isa = PBXFileReference; lastKnownFileType = sourcecode.c.h; path = ViewController.h; sourceTree = "<group>"; };
		0173AFDF24E190A600FAD1F8 /* ViewController.m */ = {isa = PBXFileReference; lastKnownFileType = sourcecode.c.objc; path = ViewController.m; sourceTree = "<group>"; };
		0173AFE224E190A600FAD1F8 /* Base */ = {isa = PBXFileReference; lastKnownFileType = file.storyboard; name = Base; path = Base.lproj/Main.storyboard; sourceTree = "<group>"; };
		0173AFE424E190A700FAD1F8 /* Assets.xcassets */ = {isa = PBXFileReference; lastKnownFileType = folder.assetcatalog; path = Assets.xcassets; sourceTree = "<group>"; };
		0173AFE724E190A700FAD1F8 /* Base */ = {isa = PBXFileReference; lastKnownFileType = file.storyboard; name = Base; path = Base.lproj/LaunchScreen.storyboard; sourceTree = "<group>"; };
		0173AFE924E190A700FAD1F8 /* Info.plist */ = {isa = PBXFileReference; lastKnownFileType = text.plist.xml; path = Info.plist; sourceTree = "<group>"; };
		0173AFEA24E190A700FAD1F8 /* main.m */ = {isa = PBXFileReference; lastKnownFileType = sourcecode.c.objc; path = main.m; sourceTree = "<group>"; };
		0173AFF024E190A700FAD1F8 /* CodingDemoTests.xctest */ = {isa = PBXFileReference; explicitFileType = wrapper.cfbundle; includeInIndex = 0; path = CodingDemoTests.xctest; sourceTree = BUILT_PRODUCTS_DIR; };
		0173AFF424E190A700FAD1F8 /* CodingDemoTests.m */ = {isa = PBXFileReference; lastKnownFileType = sourcecode.c.objc; path = CodingDemoTests.m; sourceTree = "<group>"; };
		0173AFF624E190A700FAD1F8 /* Info.plist */ = {isa = PBXFileReference; lastKnownFileType = text.plist.xml; path = Info.plist; sourceTree = "<group>"; };
		0173AFFB24E190A700FAD1F8 /* CodingDemoUITests.xctest */ = {isa = PBXFileReference; explicitFileType = wrapper.cfbundle; includeInIndex = 0; path = CodingDemoUITests.xctest; sourceTree = BUILT_PRODUCTS_DIR; };
		0173AFFF24E190A700FAD1F8 /* CodingDemoUITests.m */ = {isa = PBXFileReference; lastKnownFileType = sourcecode.c.objc; path = CodingDemoUITests.m; sourceTree = "<group>"; };
		0173B00124E190A700FAD1F8 /* Info.plist */ = {isa = PBXFileReference; lastKnownFileType = text.plist.xml; path = Info.plist; sourceTree = "<group>"; };
		0173B00D24E196F700FAD1F8 /* CZQObjc1.h */ = {isa = PBXFileReference; lastKnownFileType = sourcecode.c.h; path = CZQObjc1.h; sourceTree = "<group>"; };
		0173B00E24E196F700FAD1F8 /* CZQObjc1.m */ = {isa = PBXFileReference; lastKnownFileType = sourcecode.c.objc; path = CZQObjc1.m; sourceTree = "<group>"; };
		0173B01024E1970400FAD1F8 /* CZQObjc2.h */ = {isa = PBXFileReference; lastKnownFileType = sourcecode.c.h; path = CZQObjc2.h; sourceTree = "<group>"; };
		0173B01124E1970400FAD1F8 /* CZQObjc2.m */ = {isa = PBXFileReference; lastKnownFileType = sourcecode.c.objc; path = CZQObjc2.m; sourceTree = "<group>"; };
/* End PBXFileReference section */

/* Begin PBXFrameworksBuildPhase section */
		0173AFD224E190A600FAD1F8 /* Frameworks */ = {
			isa = PBXFrameworksBuildPhase;
			buildActionMask = 2147483647;
			files = (
			);
			runOnlyForDeploymentPostprocessing = 0;
		};
		0173AFED24E190A700FAD1F8 /* Frameworks */ = {
			isa = PBXFrameworksBuildPhase;
			buildActionMask = 2147483647;
			files = (
			);
			runOnlyForDeploymentPostprocessing = 0;
		};
		0173AFF824E190A700FAD1F8 /* Frameworks */ = {
			isa = PBXFrameworksBuildPhase;
			buildActionMask = 2147483647;
			files = (
			);
			runOnlyForDeploymentPostprocessing = 0;
		};
/* End PBXFrameworksBuildPhase section */

/* Begin PBXGroup section */
		0173AFCC24E190A600FAD1F8 = {
			isa = PBXGroup;
			children = (
				0173AFD724E190A600FAD1F8 /* CodingDemo */,
				0173AFF324E190A700FAD1F8 /* CodingDemoTests */,
				0173AFFE24E190A700FAD1F8 /* CodingDemoUITests */,
				0173AFD624E190A600FAD1F8 /* Products */,
			);
			sourceTree = "<group>";
		};
		0173AFD624E190A600FAD1F8 /* Products */ = {
			isa = PBXGroup;
			children = (
				0173AFD524E190A600FAD1F8 /* CodingDemo.app */,
				0173AFF024E190A700FAD1F8 /* CodingDemoTests.xctest */,
				0173AFFB24E190A700FAD1F8 /* CodingDemoUITests.xctest */,
			);
			name = Products;
			sourceTree = "<group>";
		};
		0173AFD724E190A600FAD1F8 /* CodingDemo */ = {
			isa = PBXGroup;
			children = (
				0173AFD824E190A600FAD1F8 /* AppDelegate.h */,
				0173AFD924E190A600FAD1F8 /* AppDelegate.m */,
				0173AFDB24E190A600FAD1F8 /* SceneDelegate.h */,
				0173AFDC24E190A600FAD1F8 /* SceneDelegate.m */,
				0173AFDE24E190A600FAD1F8 /* ViewController.h */,
				0173AFDF24E190A600FAD1F8 /* ViewController.m */,
				0173AFE124E190A600FAD1F8 /* Main.storyboard */,
				0173AFE424E190A700FAD1F8 /* Assets.xcassets */,
				0173AFE624E190A700FAD1F8 /* LaunchScreen.storyboard */,
				0173AFE924E190A700FAD1F8 /* Info.plist */,
				0173AFEA24E190A700FAD1F8 /* main.m */,
				0173B00D24E196F700FAD1F8 /* CZQObjc1.h */,
				0173B00E24E196F700FAD1F8 /* CZQObjc1.m */,
				0173B01024E1970400FAD1F8 /* CZQObjc2.h */,
				0173B01124E1970400FAD1F8 /* CZQObjc2.m */,
			);
			path = CodingDemo;
			sourceTree = "<group>";
		};
		0173AFF324E190A700FAD1F8 /* CodingDemoTests */ = {
			isa = PBXGroup;
			children = (
				0173AFF424E190A700FAD1F8 /* CodingDemoTests.m */,
				0173AFF624E190A700FAD1F8 /* Info.plist */,
			);
			path = CodingDemoTests;
			sourceTree = "<group>";
		};
		0173AFFE24E190A700FAD1F8 /* CodingDemoUITests */ = {
			isa = PBXGroup;
			children = (
				0173AFFF24E190A700FAD1F8 /* CodingDemoUITests.m */,
				0173B00124E190A700FAD1F8 /* Info.plist */,
			);
			path = CodingDemoUITests;
			sourceTree = "<group>";
		};
/* End PBXGroup section */

/* Begin PBXNativeTarget section */
		0173AFD424E190A600FAD1F8 /* CodingDemo */ = {
			isa = PBXNativeTarget;
			buildConfigurationList = 0173B00424E190A700FAD1F8 /* Build configuration list for PBXNativeTarget "CodingDemo" */;
			buildPhases = (
				0173AFD124E190A600FAD1F8 /* Sources */,
				0173AFD224E190A600FAD1F8 /* Frameworks */,
				0173AFD324E190A600FAD1F8 /* Resources */,
			);
			buildRules = (
			);
			dependencies = (
			);
			name = CodingDemo;
			productName = CodingDemo;
			productReference = 0173AFD524E190A600FAD1F8 /* CodingDemo.app */;
			productType = "com.apple.product-type.application";
		};
		0173AFEF24E190A700FAD1F8 /* CodingDemoTests */ = {
			isa = PBXNativeTarget;
			buildConfigurationList = 0173B00724E190A700FAD1F8 /* Build configuration list for PBXNativeTarget "CodingDemoTests" */;
			buildPhases = (
				0173AFEC24E190A700FAD1F8 /* Sources */,
				0173AFED24E190A700FAD1F8 /* Frameworks */,
				0173AFEE24E190A700FAD1F8 /* Resources */,
			);
			buildRules = (
			);
			dependencies = (
				0173AFF224E190A700FAD1F8 /* PBXTargetDependency */,
			);
			name = CodingDemoTests;
			productName = CodingDemoTests;
			productReference = 0173AFF024E190A700FAD1F8 /* CodingDemoTests.xctest */;
			productType = "com.apple.product-type.bundle.unit-test";
		};
		0173AFFA24E190A700FAD1F8 /* CodingDemoUITests */ = {
			isa = PBXNativeTarget;
			buildConfigurationList = 0173B00A24E190A700FAD1F8 /* Build configuration list for PBXNativeTarget "CodingDemoUITests" */;
			buildPhases = (
				0173AFF724E190A700FAD1F8 /* Sources */,
				0173AFF824E190A700FAD1F8 /* Frameworks */,
				0173AFF924E190A700FAD1F8 /* Resources */,
			);
			buildRules = (
			);
			dependencies = (
				0173AFFD24E190A700FAD1F8 /* PBXTargetDependency */,
			);
			name = CodingDemoUITests;
			productName = CodingDemoUITests;
			productReference = 0173AFFB24E190A700FAD1F8 /* CodingDemoUITests.xctest */;
			productType = "com.apple.product-type.bundle.ui-testing";
		};
/* End PBXNativeTarget section */

/* Begin PBXProject section */
		0173AFCD24E190A600FAD1F8 /* Project object */ = {
			isa = PBXProject;
			attributes = {
				LastUpgradeCheck = 1130;
				ORGANIZATIONNAME = czq;
				TargetAttributes = {
					0173AFD424E190A600FAD1F8 = {
						CreatedOnToolsVersion = 11.3;
					};
					0173AFEF24E190A700FAD1F8 = {
						CreatedOnToolsVersion = 11.3;
						TestTargetID = 0173AFD424E190A600FAD1F8;
					};
					0173AFFA24E190A700FAD1F8 = {
						CreatedOnToolsVersion = 11.3;
						TestTargetID = 0173AFD424E190A600FAD1F8;
					};
				};
			};
			buildConfigurationList = 0173AFD024E190A600FAD1F8 /* Build configuration list for PBXProject "CodingDemo" */;
			compatibilityVersion = "Xcode 9.3";
			developmentRegion = en;
			hasScannedForEncodings = 0;
			knownRegions = (
				en,
				Base,
			);
			mainGroup = 0173AFCC24E190A600FAD1F8;
			productRefGroup = 0173AFD624E190A600FAD1F8 /* Products */;
			projectDirPath = "";
			projectRoot = "";
			targets = (
				0173AFD424E190A600FAD1F8 /* CodingDemo */,
				0173AFEF24E190A700FAD1F8 /* CodingDemoTests */,
				0173AFFA24E190A700FAD1F8 /* CodingDemoUITests */,
			);
		};
/* End PBXProject section */

/* Begin PBXResourcesBuildPhase section */
		0173AFD324E190A600FAD1F8 /* Resources */ = {
			isa = PBXResourcesBuildPhase;
			buildActionMask = 2147483647;
			files = (
				0173AFE824E190A700FAD1F8 /* LaunchScreen.storyboard in Resources */,
				0173AFE524E190A700FAD1F8 /* Assets.xcassets in Resources */,
				0173AFE324E190A600FAD1F8 /* Main.storyboard in Resources */,
			);
			runOnlyForDeploymentPostprocessing = 0;
		};
		0173AFEE24E190A700FAD1F8 /* Resources */ = {
			isa = PBXResourcesBuildPhase;
			buildActionMask = 2147483647;
			files = (
			);
			runOnlyForDeploymentPostprocessing = 0;
		};
		0173AFF924E190A700FAD1F8 /* Resources */ = {
			isa = PBXResourcesBuildPhase;
			buildActionMask = 2147483647;
			files = (
			);
			runOnlyForDeploymentPostprocessing = 0;
		};
/* End PBXResourcesBuildPhase section */

/* Begin PBXSourcesBuildPhase section */
		0173AFD124E190A600FAD1F8 /* Sources */ = {
			isa = PBXSourcesBuildPhase;
			buildActionMask = 2147483647;
			files = (
				0173AFE024E190A600FAD1F8 /* ViewController.m in Sources */,
				0173AFDA24E190A600FAD1F8 /* AppDelegate.m in Sources */,
				0173AFEB24E190A700FAD1F8 /* main.m in Sources */,
				0173B00F24E196F700FAD1F8 /* CZQObjc1.m in Sources */,
				0173AFDD24E190A600FAD1F8 /* SceneDelegate.m in Sources */,
				0173B01224E1970400FAD1F8 /* CZQObjc2.m in Sources */,
			);
			runOnlyForDeploymentPostprocessing = 0;
		};
		0173AFEC24E190A700FAD1F8 /* Sources */ = {
			isa = PBXSourcesBuildPhase;
			buildActionMask = 2147483647;
			files = (
				0173AFF524E190A700FAD1F8 /* CodingDemoTests.m in Sources */,
			);
			runOnlyForDeploymentPostprocessing = 0;
		};
		0173AFF724E190A700FAD1F8 /* Sources */ = {
			isa = PBXSourcesBuildPhase;
			buildActionMask = 2147483647;
			files = (
				0173B00024E190A700FAD1F8 /* CodingDemoUITests.m in Sources */,
			);
			runOnlyForDeploymentPostprocessing = 0;
		};
/* End PBXSourcesBuildPhase section */

/* Begin PBXTargetDependency section */
		0173AFF224E190A700FAD1F8 /* PBXTargetDependency */ = {
			isa = PBXTargetDependency;
			target = 0173AFD424E190A600FAD1F8 /* CodingDemo */;
			targetProxy = 0173AFF124E190A700FAD1F8 /* PBXContainerItemProxy */;
		};
		0173AFFD24E190A700FAD1F8 /* PBXTargetDependency */ = {
			isa = PBXTargetDependency;
			target = 0173AFD424E190A600FAD1F8 /* CodingDemo */;
			targetProxy = 0173AFFC24E190A700FAD1F8 /* PBXContainerItemProxy */;
		};
/* End PBXTargetDependency section */

/* Begin PBXVariantGroup section */
		0173AFE124E190A600FAD1F8 /* Main.storyboard */ = {
			isa = PBXVariantGroup;
			children = (
				0173AFE224E190A600FAD1F8 /* Base */,
			);
			name = Main.storyboard;
			sourceTree = "<group>";
		};
		0173AFE624E190A700FAD1F8 /* LaunchScreen.storyboard */ = {
			isa = PBXVariantGroup;
			children = (
				0173AFE724E190A700FAD1F8 /* Base */,
			);
			name = LaunchScreen.storyboard;
			sourceTree = "<group>";
		};
/* End PBXVariantGroup section */

/* Begin XCBuildConfiguration section */
		0173B00224E190A700FAD1F8 /* Debug */ = {
			isa = XCBuildConfiguration;
			buildSettings = {
				ALWAYS_SEARCH_USER_PATHS = NO;
				CLANG_ANALYZER_NONNULL = YES;
				CLANG_ANALYZER_NUMBER_OBJECT_CONVERSION = YES_AGGRESSIVE;
				CLANG_CXX_LANGUAGE_STANDARD = "gnu++14";
				CLANG_CXX_LIBRARY = "libc++";
				CLANG_ENABLE_MODULES = YES;
				CLANG_ENABLE_OBJC_ARC = YES;
				CLANG_ENABLE_OBJC_WEAK = YES;
				CLANG_WARN_BLOCK_CAPTURE_AUTORELEASING = YES;
				CLANG_WARN_BOOL_CONVERSION = YES;
				CLANG_WARN_COMMA = YES;
				CLANG_WARN_CONSTANT_CONVERSION = YES;
				CLANG_WARN_DEPRECATED_OBJC_IMPLEMENTATIONS = YES;
				CLANG_WARN_DIRECT_OBJC_ISA_USAGE = YES_ERROR;
				CLANG_WARN_DOCUMENTATION_COMMENTS = YES;
				CLANG_WARN_EMPTY_BODY = YES;
				CLANG_WARN_ENUM_CONVERSION = YES;
				CLANG_WARN_INFINITE_RECURSION = YES;
				CLANG_WARN_INT_CONVERSION = YES;
				CLANG_WARN_NON_LITERAL_NULL_CONVERSION = YES;
				CLANG_WARN_OBJC_IMPLICIT_RETAIN_SELF = YES;
				CLANG_WARN_OBJC_LITERAL_CONVERSION = YES;
				CLANG_WARN_OBJC_ROOT_CLASS = YES_ERROR;
				CLANG_WARN_RANGE_LOOP_ANALYSIS = YES;
				CLANG_WARN_STRICT_PROTOTYPES = YES;
				CLANG_WARN_SUSPICIOUS_MOVE = YES;
				CLANG_WARN_UNGUARDED_AVAILABILITY = YES_AGGRESSIVE;
				CLANG_WARN_UNREACHABLE_CODE = YES;
				CLANG_WARN__DUPLICATE_METHOD_MATCH = YES;
				COPY_PHASE_STRIP = NO;
				DEBUG_INFORMATION_FORMAT = dwarf;
				ENABLE_STRICT_OBJC_MSGSEND = YES;
				ENABLE_TESTABILITY = YES;
				GCC_C_LANGUAGE_STANDARD = gnu11;
				GCC_DYNAMIC_NO_PIC = NO;
				GCC_NO_COMMON_BLOCKS = YES;
				GCC_OPTIMIZATION_LEVEL = 0;
				GCC_PREPROCESSOR_DEFINITIONS = (
					"DEBUG=1",
					"$(inherited)",
				);
				GCC_WARN_64_TO_32_BIT_CONVERSION = YES;
				GCC_WARN_ABOUT_RETURN_TYPE = YES_ERROR;
				GCC_WARN_UNDECLARED_SELECTOR = YES;
				GCC_WARN_UNINITIALIZED_AUTOS = YES_AGGRESSIVE;
				GCC_WARN_UNUSED_FUNCTION = YES;
				GCC_WARN_UNUSED_VARIABLE = YES;
				IPHONEOS_DEPLOYMENT_TARGET = 13.2;
				MTL_ENABLE_DEBUG_INFO = INCLUDE_SOURCE;
				MTL_FAST_MATH = YES;
				ONLY_ACTIVE_ARCH = YES;
				SDKROOT = iphoneos;
			};
			name = Debug;
		};
		0173B00324E190A700FAD1F8 /* Release */ = {
			isa = XCBuildConfiguration;
			buildSettings = {
				ALWAYS_SEARCH_USER_PATHS = NO;
				CLANG_ANALYZER_NONNULL = YES;
				CLANG_ANALYZER_NUMBER_OBJECT_CONVERSION = YES_AGGRESSIVE;
				CLANG_CXX_LANGUAGE_STANDARD = "gnu++14";
				CLANG_CXX_LIBRARY = "libc++";
				CLANG_ENABLE_MODULES = YES;
				CLANG_ENABLE_OBJC_ARC = YES;
				CLANG_ENABLE_OBJC_WEAK = YES;
				CLANG_WARN_BLOCK_CAPTURE_AUTORELEASING = YES;
				CLANG_WARN_BOOL_CONVERSION = YES;
				CLANG_WARN_COMMA = YES;
				CLANG_WARN_CONSTANT_CONVERSION = YES;
				CLANG_WARN_DEPRECATED_OBJC_IMPLEMENTATIONS = YES;
				CLANG_WARN_DIRECT_OBJC_ISA_USAGE = YES_ERROR;
				CLANG_WARN_DOCUMENTATION_COMMENTS = YES;
				CLANG_WARN_EMPTY_BODY = YES;
				CLANG_WARN_ENUM_CONVERSION = YES;
				CLANG_WARN_INFINITE_RECURSION = YES;
				CLANG_WARN_INT_CONVERSION = YES;
				CLANG_WARN_NON_LITERAL_NULL_CONVERSION = YES;
				CLANG_WARN_OBJC_IMPLICIT_RETAIN_SELF = YES;
				CLANG_WARN_OBJC_LITERAL_CONVERSION = YES;
				CLANG_WARN_OBJC_ROOT_CLASS = YES_ERROR;
				CLANG_WARN_RANGE_LOOP_ANALYSIS = YES;
				CLANG_WARN_STRICT_PROTOTYPES = YES;
				CLANG_WARN_SUSPICIOUS_MOVE = YES;
				CLANG_WARN_UNGUARDED_AVAILABILITY = YES_AGGRESSIVE;
				CLANG_WARN_UNREACHABLE_CODE = YES;
				CLANG_WARN__DUPLICATE_METHOD_MATCH = YES;
				COPY_PHASE_STRIP = NO;
				DEBUG_INFORMATION_FORMAT = "dwarf-with-dsym";
				ENABLE_NS_ASSERTIONS = NO;
				ENABLE_STRICT_OBJC_MSGSEND = YES;
				GCC_C_LANGUAGE_STANDARD = gnu11;
				GCC_NO_COMMON_BLOCKS = YES;
				GCC_WARN_64_TO_32_BIT_CONVERSION = YES;
				GCC_WARN_ABOUT_RETURN_TYPE = YES_ERROR;
				GCC_WARN_UNDECLARED_SELECTOR = YES;
				GCC_WARN_UNINITIALIZED_AUTOS = YES_AGGRESSIVE;
				GCC_WARN_UNUSED_FUNCTION = YES;
				GCC_WARN_UNUSED_VARIABLE = YES;
				IPHONEOS_DEPLOYMENT_TARGET = 13.2;
				MTL_ENABLE_DEBUG_INFO = NO;
				MTL_FAST_MATH = YES;
				SDKROOT = iphoneos;
				VALIDATE_PRODUCT = YES;
			};
			name = Release;
		};
		0173B00524E190A700FAD1F8 /* Debug */ = {
			isa = XCBuildConfiguration;
			buildSettings = {
				ASSETCATALOG_COMPILER_APPICON_NAME = AppIcon;
				CODE_SIGN_STYLE = Automatic;
				DEVELOPMENT_TEAM = 26VQ9228H8;
				INFOPLIST_FILE = CodingDemo/Info.plist;
				LD_RUNPATH_SEARCH_PATHS = (
					"$(inherited)",
					"@executable_path/Frameworks",
				);
				PRODUCT_BUNDLE_IDENTIFIER = com.czq.CodingDemo;
				PRODUCT_NAME = "$(TARGET_NAME)";
				TARGETED_DEVICE_FAMILY = "1,2";
			};
			name = Debug;
		};
		0173B00624E190A700FAD1F8 /* Release */ = {
			isa = XCBuildConfiguration;
			buildSettings = {
				ASSETCATALOG_COMPILER_APPICON_NAME = AppIcon;
				CODE_SIGN_STYLE = Automatic;
				DEVELOPMENT_TEAM = 26VQ9228H8;
				INFOPLIST_FILE = CodingDemo/Info.plist;
				LD_RUNPATH_SEARCH_PATHS = (
					"$(inherited)",
					"@executable_path/Frameworks",
				);
				PRODUCT_BUNDLE_IDENTIFIER = com.czq.CodingDemo;
				PRODUCT_NAME = "$(TARGET_NAME)";
				TARGETED_DEVICE_FAMILY = "1,2";
			};
			name = Release;
		};
		0173B00824E190A700FAD1F8 /* Debug */ = {
			isa = XCBuildConfiguration;
			buildSettings = {
				BUNDLE_LOADER = "$(TEST_HOST)";
				CODE_SIGN_STYLE = Automatic;
				DEVELOPMENT_TEAM = 26VQ9228H8;
				INFOPLIST_FILE = CodingDemoTests/Info.plist;
				IPHONEOS_DEPLOYMENT_TARGET = 13.2;
				LD_RUNPATH_SEARCH_PATHS = (
					"$(inherited)",
					"@executable_path/Frameworks",
					"@loader_path/Frameworks",
				);
				PRODUCT_BUNDLE_IDENTIFIER = com.czq.CodingDemoTests;
				PRODUCT_NAME = "$(TARGET_NAME)";
				TARGETED_DEVICE_FAMILY = "1,2";
				TEST_HOST = "$(BUILT_PRODUCTS_DIR)/CodingDemo.app/CodingDemo";
			};
			name = Debug;
		};
		0173B00924E190A700FAD1F8 /* Release */ = {
			isa = XCBuildConfiguration;
			buildSettings = {
				BUNDLE_LOADER = "$(TEST_HOST)";
				CODE_SIGN_STYLE = Automatic;
				DEVELOPMENT_TEAM = 26VQ9228H8;
				INFOPLIST_FILE = CodingDemoTests/Info.plist;
				IPHONEOS_DEPLOYMENT_TARGET = 13.2;
				LD_RUNPATH_SEARCH_PATHS = (
					"$(inherited)",
					"@executable_path/Frameworks",
					"@loader_path/Frameworks",
				);
				PRODUCT_BUNDLE_IDENTIFIER = com.czq.CodingDemoTests;
				PRODUCT_NAME = "$(TARGET_NAME)";
				TARGETED_DEVICE_FAMILY = "1,2";
				TEST_HOST = "$(BUILT_PRODUCTS_DIR)/CodingDemo.app/CodingDemo";
			};
			name = Release;
		};
		0173B00B24E190A700FAD1F8 /* Debug */ = {
			isa = XCBuildConfiguration;
			buildSettings = {
				CODE_SIGN_STYLE = Automatic;
				DEVELOPMENT_TEAM = 26VQ9228H8;
				INFOPLIST_FILE = CodingDemoUITests/Info.plist;
				LD_RUNPATH_SEARCH_PATHS = (
					"$(inherited)",
					"@executable_path/Frameworks",
					"@loader_path/Frameworks",
				);
				PRODUCT_BUNDLE_IDENTIFIER = com.czq.CodingDemoUITests;
				PRODUCT_NAME = "$(TARGET_NAME)";
				TARGETED_DEVICE_FAMILY = "1,2";
				TEST_TARGET_NAME = CodingDemo;
			};
			name = Debug;
		};
		0173B00C24E190A700FAD1F8 /* Release */ = {
			isa = XCBuildConfiguration;
			buildSettings = {
				CODE_SIGN_STYLE = Automatic;
				DEVELOPMENT_TEAM = 26VQ9228H8;
				INFOPLIST_FILE = CodingDemoUITests/Info.plist;
				LD_RUNPATH_SEARCH_PATHS = (
					"$(inherited)",
					"@executable_path/Frameworks",
					"@loader_path/Frameworks",
				);
				PRODUCT_BUNDLE_IDENTIFIER = com.czq.CodingDemoUITests;
				PRODUCT_NAME = "$(TARGET_NAME)";
				TARGETED_DEVICE_FAMILY = "1,2";
				TEST_TARGET_NAME = CodingDemo;
			};
			name = Release;
		};
/* End XCBuildConfiguration section */

/* Begin XCConfigurationList section */
		0173AFD024E190A600FAD1F8 /* Build configuration list for PBXProject "CodingDemo" */ = {
			isa = XCConfigurationList;
			buildConfigurations = (
				0173B00224E190A700FAD1F8 /* Debug */,
				0173B00324E190A700FAD1F8 /* Release */,
			);
			defaultConfigurationIsVisible = 0;
			defaultConfigurationName = Release;
		};
		0173B00424E190A700FAD1F8 /* Build configuration list for PBXNativeTarget "CodingDemo" */ = {
			isa = XCConfigurationList;
			buildConfigurations = (
				0173B00524E190A700FAD1F8 /* Debug */,
				0173B00624E190A700FAD1F8 /* Release */,
			);
			defaultConfigurationIsVisible = 0;
			defaultConfigurationName = Release;
		};
		0173B00724E190A700FAD1F8 /* Build configuration list for PBXNativeTarget "CodingDemoTests" */ = {
			isa = XCConfigurationList;
			buildConfigurations = (
				0173B00824E190A700FAD1F8 /* Debug */,
				0173B00924E190A700FAD1F8 /* Release */,
			);
			defaultConfigurationIsVisible = 0;
			defaultConfigurationName = Release;
		};
		0173B00A24E190A700FAD1F8 /* Build configuration list for PBXNativeTarget "CodingDemoUITests" */ = {
			isa = XCConfigurationList;
			buildConfigurations = (
				0173B00B24E190A700FAD1F8 /* Debug */,
				0173B00C24E190A700FAD1F8 /* Release */,
			);
			defaultConfigurationIsVisible = 0;
			defaultConfigurationName = Release;
		};
/* End XCConfigurationList section */
	};
	rootObject = 0173AFCD24E190A600FAD1F8 /* Project object */;
}
